
Microsoft Visual Studio Solution File, Format Version 12.00
# Visual Studio Version 16
VisualStudioVersion = 16.0.30317.65
MinimumVisualStudioVersion = 10.0.40219.1
Project("{9A19103F-16F7-4668-BE54-9A1E7A4F7556}") = "Sqlbi.Bravo", "src\Sqlbi.Bravo\Sqlbi.Bravo.csproj", "{5ACD0CD2-C441-465A-9B98-DB1329EE83AB}"
EndProject
Project("{9A19103F-16F7-4668-BE54-9A1E7A4F7556}") = "Sqlbi.Bravo.Tests", "src\Sqlbi.Bravo.Tests\Sqlbi.Bravo.Tests.csproj", "{6EF69BCB-DFF3-4D9C-8E63-738A4D804A8C}"
EndProject
Global
	GlobalSection(SolutionConfigurationPlatforms) = preSolution
		Debug|Any CPU = Debug|Any CPU
		Debug|x86 = Debug|x86
		Release|Any CPU = Release|Any CPU
		Release|x86 = Release|x86
	EndGlobalSection
	GlobalSection(ProjectConfigurationPlatforms) = postSolution
		{5ACD0CD2-C441-465A-9B98-DB1329EE83AB}.Debug|Any CPU.ActiveCfg = Debug|Any CPU
		{5ACD0CD2-C441-465A-9B98-DB1329EE83AB}.Debug|Any CPU.Build.0 = Debug|Any CPU
		{5ACD0CD2-C441-465A-9B98-DB1329EE83AB}.Debug|x86.ActiveCfg = Debug|Any CPU
		{5ACD0CD2-C441-465A-9B98-DB1329EE83AB}.Debug|x86.Build.0 = Debug|Any CPU
		{5ACD0CD2-C441-465A-9B98-DB1329EE83AB}.Release|Any CPU.ActiveCfg = Release|Any CPU
		{5ACD0CD2-C441-465A-9B98-DB1329EE83AB}.Release|Any CPU.Build.0 = Release|Any CPU
		{5ACD0CD2-C441-465A-9B98-DB1329EE83AB}.Release|x86.ActiveCfg = Release|Any CPU
		{5ACD0CD2-C441-465A-9B98-DB1329EE83AB}.Release|x86.Build.0 = Release|Any CPU
		{6EF69BCB-DFF3-4D9C-8E63-738A4D804A8C}.Debug|Any CPU.ActiveCfg = Debug|Any CPU
		{6EF69BCB-DFF3-4D9C-8E63-738A4D804A8C}.Debug|Any CPU.Build.0 = Debug|Any CPU
		{6EF69BCB-DFF3-4D9C-8E63-738A4D804A8C}.Debug|x86.ActiveCfg = Debug|Any CPU
		{6EF69BCB-DFF3-4D9C-8E63-738A4D804A8C}.Debug|x86.Build.0 = Debug|Any CPU
		{6EF69BCB-DFF3-4D9C-8E63-738A4D804A8C}.Release|Any CPU.ActiveCfg = Release|Any CPU
		{6EF69BCB-DFF3-4D9C-8E63-738A4D804A8C}.Release|Any CPU.Build.0 = Release|Any CPU
		{6EF69BCB-DFF3-4D9C-8E63-738A4D804A8C}.Release|x86.ActiveCfg = Release|Any CPU
		{6EF69BCB-DFF3-4D9C-8E63-738A4D804A8C}.Release|x86.Build.0 = Release|Any CPU
	EndGlobalSection
	GlobalSection(SolutionProperties) = preSolution
		HideSolutionNode = FALSE
	EndGlobalSection
	GlobalSection(ExtensibilityGlobals) = postSolution
		SolutionGuid = {4876217A-AA24-4378-9E08-A94551DEB504}
	EndGlobalSection
EndGlobal
