
Microsoft Visual Studio Solution File, Format Version 12.00
# Visual Studio Version 17
VisualStudioVersion = 17.0.32014.148
MinimumVisualStudioVersion = 10.0.40219.1
Project("{C7167F0D-BC9F-4E6E-AFE1-012C56B48DB5}") = "Bravo.Installer.Msix", "Bravo.Installer.Msix\Bravo.Installer.Msix.wapproj", "{9349A54F-9C9B-403B-BCBE-FBB103F2CED5}"
EndProject
Project("{9A19103F-16F7-4668-BE54-9A1E7A4F7556}") = "Bravo", "..\..\src\Bravo.csproj", "{73A9EF2C-64E5-455C-BA89-5C7A63A8BE91}"
EndProject
Project("{FAE04EC0-301F-11D3-BF4B-00C04F79EFBC}") = "Bravo.Installer.Msix.StoreLauncher", "Bravo.Installer.Msix.StoreLauncher\Bravo.Installer.Msix.StoreLauncher.csproj", "{742A2671-6C1D-475A-9A8D-102183B58937}"
EndProject
Global
	GlobalSection(SolutionConfigurationPlatforms) = preSolution
		Debug|Any CPU = Debug|Any CPU
		Debug|x64 = Debug|x64
		Release|Any CPU = Release|Any CPU
		Release|x64 = Release|x64
	EndGlobalSection
	GlobalSection(ProjectConfigurationPlatforms) = postSolution
		{9349A54F-9C9B-403B-BCBE-FBB103F2CED5}.Debug|Any CPU.ActiveCfg = Debug|x64
		{9349A54F-9C9B-403B-BCBE-FBB103F2CED5}.Debug|Any CPU.Build.0 = Debug|x64
		{9349A54F-9C9B-403B-BCBE-FBB103F2CED5}.Debug|Any CPU.Deploy.0 = Debug|x64
		{9349A54F-9C9B-403B-BCBE-FBB103F2CED5}.Debug|x64.ActiveCfg = Debug|x64
		{9349A54F-9C9B-403B-BCBE-FBB103F2CED5}.Debug|x64.Build.0 = Debug|x64
		{9349A54F-9C9B-403B-BCBE-FBB103F2CED5}.Debug|x64.Deploy.0 = Debug|x64
		{9349A54F-9C9B-403B-BCBE-FBB103F2CED5}.Release|Any CPU.ActiveCfg = Release|x64
		{9349A54F-9C9B-403B-BCBE-FBB103F2CED5}.Release|Any CPU.Build.0 = Release|x64
		{9349A54F-9C9B-403B-BCBE-FBB103F2CED5}.Release|Any CPU.Deploy.0 = Release|x64
		{9349A54F-9C9B-403B-BCBE-FBB103F2CED5}.Release|x64.ActiveCfg = Release|x64
		{9349A54F-9C9B-403B-BCBE-FBB103F2CED5}.Release|x64.Build.0 = Release|x64
		{9349A54F-9C9B-403B-BCBE-FBB103F2CED5}.Release|x64.Deploy.0 = Release|x64
		{73A9EF2C-64E5-455C-BA89-5C7A63A8BE91}.Debug|Any CPU.ActiveCfg = Debug|x64
		{73A9EF2C-64E5-455C-BA89-5C7A63A8BE91}.Debug|Any CPU.Build.0 = Debug|x64
		{73A9EF2C-64E5-455C-BA89-5C7A63A8BE91}.Debug|x64.ActiveCfg = Debug|x64
		{73A9EF2C-64E5-455C-BA89-5C7A63A8BE91}.Debug|x64.Build.0 = Debug|x64
		{73A9EF2C-64E5-455C-BA89-5C7A63A8BE91}.Release|Any CPU.ActiveCfg = Release|Any CPU
		{73A9EF2C-64E5-455C-BA89-5C7A63A8BE91}.Release|Any CPU.Build.0 = Release|Any CPU
		{73A9EF2C-64E5-455C-BA89-5C7A63A8BE91}.Release|x64.ActiveCfg = Release|Any CPU
		{73A9EF2C-64E5-455C-BA89-5C7A63A8BE91}.Release|x64.Build.0 = Release|Any CPU
		{742A2671-6C1D-475A-9A8D-102183B58937}.Debug|Any CPU.ActiveCfg = Debug|Any CPU
		{742A2671-6C1D-475A-9A8D-102183B58937}.Debug|Any CPU.Build.0 = Debug|Any CPU
		{742A2671-6C1D-475A-9A8D-102183B58937}.Debug|x64.ActiveCfg = Debug|Any CPU
		{742A2671-6C1D-475A-9A8D-102183B58937}.Debug|x64.Build.0 = Debug|Any CPU
		{742A2671-6C1D-475A-9A8D-102183B58937}.Release|Any CPU.ActiveCfg = Release|Any CPU
		{742A2671-6C1D-475A-9A8D-102183B58937}.Release|Any CPU.Build.0 = Release|Any CPU
		{742A2671-6C1D-475A-9A8D-102183B58937}.Release|x64.ActiveCfg = Release|Any CPU
		{742A2671-6C1D-475A-9A8D-102183B58937}.Release|x64.Build.0 = Release|Any CPU
	EndGlobalSection
	GlobalSection(SolutionProperties) = preSolution
		HideSolutionNode = FALSE
	EndGlobalSection
	GlobalSection(ExtensibilityGlobals) = postSolution
		SolutionGuid = {B376565F-DE6F-4510-8C84-76915632F3C3}
	EndGlobalSection
EndGlobal
