
Microsoft Visual Studio Solution File, Format Version 12.00
# Visual Studio Version 16
VisualStudioVersion = 16.0.31205.134
MinimumVisualStudioVersion = 10.0.40219.1
Project("{FAE04EC0-301F-11D3-BF4B-00C04F79EFBC}") = "Sqlbi.Bravo.Installer", "Sqlbi.Bravo.Installer\Sqlbi.Bravo.Installer.csproj", "{1862B616-A7DE-4CD9-9779-374E96193B78}"
EndProject
Global
	GlobalSection(SolutionConfigurationPlatforms) = preSolution
		Debug|x86 = Debug|x86
		Release|x86 = Release|x86
	EndGlobalSection
	GlobalSection(ProjectConfigurationPlatforms) = postSolution
		{1862B616-A7DE-4CD9-9779-374E96193B78}.Debug|x86.ActiveCfg = Debug|x86
		{1862B616-A7DE-4CD9-9779-374E96193B78}.Debug|x86.Build.0 = Debug|x86
		{1862B616-A7DE-4CD9-9779-374E96193B78}.Release|x86.ActiveCfg = Release|x86
		{1862B616-A7DE-4CD9-9779-374E96193B78}.Release|x86.Build.0 = Release|x86
	EndGlobalSection
	GlobalSection(SolutionProperties) = preSolution
		HideSolutionNode = FALSE
	EndGlobalSection
	GlobalSection(ExtensibilityGlobals) = postSolution
		SolutionGuid = {58852F3E-8BC3-4CF3-A48E-9A1361C27B41}
	EndGlobalSection
EndGlobal
