
Microsoft Visual Studio Solution File, Format Version 12.00
# Visual Studio Version 16
VisualStudioVersion = 16.0.32002.261
MinimumVisualStudioVersion = 10.0.40219.1
Project("{FAE04EC0-301F-11D3-BF4B-00C04F79EFBC}") = "Bravo.Installer.Wix", "Bravo.Installer.Wix\Bravo.Installer.Wix.csproj", "{1862B616-A7DE-4CD9-9779-374E96193B78}"
EndProject
Project("{FAE04EC0-301F-11D3-BF4B-00C04F79EFBC}") = "Bravo.Installer.Wix.Tests", "Bravo.Installer.WiX.Tests\Bravo.Installer.Wix.Tests.csproj", "{296DD0FF-6DAB-4910-95BB-C029F79394B4}"
EndProject
Global
	GlobalSection(SolutionConfigurationPlatforms) = preSolution
		Debug|Any CPU = Debug|Any CPU
		Debug|x86 = Debug|x86
		Release|Any CPU = Release|Any CPU
		Release|x86 = Release|x86
	EndGlobalSection
	GlobalSection(ProjectConfigurationPlatforms) = postSolution
		{1862B616-A7DE-4CD9-9779-374E96193B78}.Debug|Any CPU.ActiveCfg = Debug|x86
		{1862B616-A7DE-4CD9-9779-374E96193B78}.Debug|x86.ActiveCfg = Debug|x86
		{1862B616-A7DE-4CD9-9779-374E96193B78}.Debug|x86.Build.0 = Debug|x86
		{1862B616-A7DE-4CD9-9779-374E96193B78}.Release|Any CPU.ActiveCfg = Release|x86
		{1862B616-A7DE-4CD9-9779-374E96193B78}.Release|x86.ActiveCfg = Release|x86
		{1862B616-A7DE-4CD9-9779-374E96193B78}.Release|x86.Build.0 = Release|x86
		{296DD0FF-6DAB-4910-95BB-C029F79394B4}.Debug|Any CPU.ActiveCfg = Debug|Any CPU
		{296DD0FF-6DAB-4910-95BB-C029F79394B4}.Debug|Any CPU.Build.0 = Debug|Any CPU
		{296DD0FF-6DAB-4910-95BB-C029F79394B4}.Debug|x86.ActiveCfg = Debug|Any CPU
		{296DD0FF-6DAB-4910-95BB-C029F79394B4}.Debug|x86.Build.0 = Debug|Any CPU
		{296DD0FF-6DAB-4910-95BB-C029F79394B4}.Release|Any CPU.ActiveCfg = Release|Any CPU
		{296DD0FF-6DAB-4910-95BB-C029F79394B4}.Release|Any CPU.Build.0 = Release|Any CPU
		{296DD0FF-6DAB-4910-95BB-C029F79394B4}.Release|x86.ActiveCfg = Release|Any CPU
		{296DD0FF-6DAB-4910-95BB-C029F79394B4}.Release|x86.Build.0 = Release|Any CPU
	EndGlobalSection
	GlobalSection(SolutionProperties) = preSolution
		HideSolutionNode = FALSE
	EndGlobalSection
	GlobalSection(ExtensibilityGlobals) = postSolution
		SolutionGuid = {B4376BC7-FC9C-4344-8FFC-A10F1452BD57}
	EndGlobalSection
EndGlobal
